<?xml version="1.0" encoding="utf-8"?>
<Project ToolsVersion="4.0" xmlns="http://schemas.microsoft.com/developer/msbuild/2003">
  <ItemGroup>
    <Filter Include="include">
      <UniqueIdentifier>{89AF369E-F58E-B539-FEA6-40106A051C9B}</UniqueIdentifier>
    </Filter>
    <Filter Include="include\AL">
      <UniqueIdentifier>{853FB8DA-71F7-F927-DAFE-D283C6D59418}</UniqueIdentifier>
    </Filter>
    <Filter Include="include\GLEW">
      <UniqueIdentifier>{4788C969-33EB-580E-DC70-91C4C8B22491}</UniqueIdentifier>
    </Filter>
    <Filter Include="include\GLFW">
      <UniqueIdentifier>{6888C969-54EB-580E-FD70-91C4E9B22491}</UniqueIdentifier>
    </Filter>
    <Filter Include="include\alchemy">
      <UniqueIdentifier>{5BA41C6A-C72F-8A2E-D040-0D233C4BE62E}</UniqueIdentifier>
    </Filter>
    <Filter Include="include\freetype">
      <UniqueIdentifier>{5C38541D-4831-736F-7163-58F45DBB527B}</UniqueIdentifier>
    </Filter>
    <Filter Include="include\freetype\config">
      <UniqueIdentifier>{014804B6-6D7F-4C4D-7689-B070E23F7346}</UniqueIdentifier>
    </Filter>
    <Filter Include="include\glm">
      <UniqueIdentifier>{58D6C031-C48B-3927-4D80-33FEB934302B}</UniqueIdentifier>
    </Filter>
    <Filter Include="include\glm\simd">
      <UniqueIdentifier>{B4E98F4A-A0E2-AE9C-C914-9421B56C8EA8}</UniqueIdentifier>
    </Filter>
    <Filter Include="include\stb">
      <UniqueIdentifier>{610AC131-CDBF-3927-56B4-33FEC268302B}</UniqueIdentifier>
    </Filter>
    <Filter Include="src">
      <UniqueIdentifier>{2DAB880B-99B4-887C-2230-9F7C8E38947C}</UniqueIdentifier>
    </Filter>
  </ItemGroup>
  <ItemGroup>
    <ClInclude Include="include\AL\al.h">
      <Filter>include\AL</Filter>
    </ClInclude>
    <ClInclude Include="include\AL\alc.h">
      <Filter>include\AL</Filter>
    </ClInclude>
    <ClInclude Include="include\AL\alext.h">
      <Filter>include\AL</Filter>
    </ClInclude>
    <ClInclude Include="include\AL\efx-creative.h">
      <Filter>include\AL</Filter>
    </ClInclude>
    <ClInclude Include="include\AL\efx-presets.h">
      <Filter>include\AL</Filter>
    </ClInclude>
    <ClInclude Include="include\AL\efx.h">
      <Filter>include\AL</Filter>
    </ClInclude>
    <ClInclude Include="include\GLEW\eglew.h">
      <Filter>include\GLEW</Filter>
    </ClInclude>
    <ClInclude Include="include\GLEW\glew.h">
      <Filter>include\GLEW</Filter>
    </ClInclude>
    <ClInclude Include="include\GLEW\glxew.h">
      <Filter>include\GLEW</Filter>
    </ClInclude>
    <ClInclude Include="include\GLEW\wglew.h">
      <Filter>include\GLEW</Filter>
    </ClInclude>
    <ClInclude Include="include\GLFW\glfw3.h">
      <Filter>include\GLFW</Filter>
    </ClInclude>
    <ClInclude Include="include\GLFW\glfw3native.h">
      <Filter>include\GLFW</Filter>
    </ClInclude>
    <ClInclude Include="include\alchemy\Inventory.h">
      <Filter>include\alchemy</Filter>
    </ClInclude>
    <ClInclude Include="include\alchemy\InventorySlot.h">
      <Filter>include\alchemy</Filter>
    </ClInclude>
    <ClInclude Include="include\alchemy\NetworkManager.h">
      <Filter>include\alchemy</Filter>
    </ClInclude>
    <ClInclude Include="include\alchemy\Player.h">
      <Filter>include\alchemy</Filter>
    </ClInclude>
    <ClInclude Include="include\alchemy\UIObject.h">
      <Filter>include\alchemy</Filter>
    </ClInclude>
    <ClInclude Include="include\alchemy\chat.h">
      <Filter>include\alchemy</Filter>
    </ClInclude>
    <ClInclude Include="include\alchemy\fpsDisplay.h">
      <Filter>include\alchemy</Filter>
    </ClInclude>
    <ClInclude Include="include\alchemy\frustum.h">
      <Filter>include\alchemy</Filter>
    </ClInclude>
    <ClInclude Include="include\alchemy\game.h">
      <Filter>include\alchemy</Filter>
    </ClInclude>
    <ClInclude Include="include\alchemy\gameObject.h">
      <Filter>include\alchemy</Filter>
    </ClInclude>
    <ClInclude Include="include\alchemy\global.h">
      <Filter>include\alchemy</Filter>
    </ClInclude>
    <ClInclude Include="include\alchemy\graphicsContext.h">
      <Filter>include\alchemy</Filter>
    </ClInclude>
    <ClInclude Include="include\alchemy\hotbar.h">
      <Filter>include\alchemy</Filter>
    </ClInclude>
    <ClInclude Include="include\alchemy\inputManager.h">
      <Filter>include\alchemy</Filter>
    </ClInclude>
    <ClInclude Include="include\alchemy\mob.h">
      <Filter>include\alchemy</Filter>
    </ClInclude>
    <ClInclude Include="include\alchemy\network_protocol.h">
      <Filter>include\alchemy</Filter>
    </ClInclude>
    <ClInclude Include="include\alchemy\render.h">
      <Filter>include\alchemy</Filter>
    </ClInclude>
    <ClInclude Include="include\alchemy\renderable.h">
      <Filter>include\alchemy</Filter>
    </ClInclude>
    <ClInclude Include="include\alchemy\server.h">
      <Filter>include\alchemy</Filter>
    </ClInclude>
    <ClInclude Include="include\alchemy\textRenderer.h">
      <Filter>include\alchemy</Filter>
    </ClInclude>
    <ClInclude Include="include\alchemy\world.h">
      <Filter>include\alchemy</Filter>
    </ClInclude>
    <ClInclude Include="include\freetype\config\ftconfig.h">
      <Filter>include\freetype\config</Filter>
    </ClInclude>
    <ClInclude Include="include\freetype\config\ftheader.h">
      <Filter>include\freetype\config</Filter>
    </ClInclude>
    <ClInclude Include="include\freetype\config\ftmodule.h">
      <Filter>include\freetype\config</Filter>
    </ClInclude>
    <ClInclude Include="include\freetype\config\ftoption.h">
      <Filter>include\freetype\config</Filter>
    </ClInclude>
    <ClInclude Include="include\freetype\config\ftstdlib.h">
      <Filter>include\freetype\config</Filter>
    </ClInclude>
    <ClInclude Include="include\freetype\config\integer-types.h">
      <Filter>include\freetype\config</Filter>
    </ClInclude>
    <ClInclude Include="include\freetype\config\mac-support.h">
      <Filter>include\freetype\config</Filter>
    </ClInclude>
    <ClInclude Include="include\freetype\config\public-macros.h">
      <Filter>include\freetype\config</Filter>
    </ClInclude>
    <ClInclude Include="include\freetype\freetype.h">
      <Filter>include\freetype</Filter>
    </ClInclude>
    <ClInclude Include="include\freetype\ft2build.h">
      <Filter>include\freetype</Filter>
    </ClInclude>
    <ClInclude Include="include\freetype\ftadvanc.h">
      <Filter>include\freetype</Filter>
    </ClInclude>
    <ClInclude Include="include\freetype\ftbbox.h">
      <Filter>include\freetype</Filter>
    </ClInclude>
    <ClInclude Include="include\freetype\ftbdf.h">
      <Filter>include\freetype</Filter>
    </ClInclude>
    <ClInclude Include="include\freetype\ftbitmap.h">
      <Filter>include\freetype</Filter>
    </ClInclude>
    <ClInclude Include="include\freetype\ftbzip2.h">
      <Filter>include\freetype</Filter>
    </ClInclude>
    <ClInclude Include="include\freetype\ftcache.h">
      <Filter>include\freetype</Filter>
    </ClInclude>
    <ClInclude Include="include\freetype\ftchapters.h">
      <Filter>include\freetype</Filter>
    </ClInclude>
    <ClInclude Include="include\freetype\ftcid.h">
      <Filter>include\freetype</Filter>
    </ClInclude>
    <ClInclude Include="include\freetype\ftcolor.h">
      <Filter>include\freetype</Filter>
    </ClInclude>
    <ClInclude Include="include\freetype\ftdriver.h">
      <Filter>include\freetype</Filter>
    </ClInclude>
    <ClInclude Include="include\freetype\fterrdef.h">
      <Filter>include\freetype</Filter>
    </ClInclude>
    <ClInclude Include="include\freetype\fterrors.h">
      <Filter>include\freetype</Filter>
    </ClInclude>
    <ClInclude Include="include\freetype\ftfntfmt.h">
      <Filter>include\freetype</Filter>
    </ClInclude>
    <ClInclude Include="include\freetype\ftgasp.h">
      <Filter>include\freetype</Filter>
    </ClInclude>
    <ClInclude Include="include\freetype\ftglyph.h">
      <Filter>include\freetype</Filter>
    </ClInclude>
    <ClInclude Include="include\freetype\ftgxval.h">
      <Filter>include\freetype</Filter>
    </ClInclude>
    <ClInclude Include="include\freetype\ftgzip.h">
      <Filter>include\freetype</Filter>
    </ClInclude>
    <ClInclude Include="include\freetype\ftimage.h">
      <Filter>include\freetype</Filter>
    </ClInclude>
    <ClInclude Include="include\freetype\ftincrem.h">
      <Filter>include\freetype</Filter>
    </ClInclude>
    <ClInclude Include="include\freetype\ftlcdfil.h">
      <Filter>include\freetype</Filter>
    </ClInclude>
    <ClInclude Include="include\freetype\ftlist.h">
      <Filter>include\freetype</Filter>
    </ClInclude>
    <ClInclude Include="include\freetype\ftlogging.h">
      <Filter>include\freetype</Filter>
    </ClInclude>
    <ClInclude Include="include\freetype\ftlzw.h">
      <Filter>include\freetype</Filter>
    </ClInclude>
    <ClInclude Include="include\freetype\ftmac.h">
      <Filter>include\freetype</Filter>
    </ClInclude>
    <ClInclude Include="include\freetype\ftmm.h">
      <Filter>include\freetype</Filter>
    </ClInclude>
    <ClInclude Include="include\freetype\ftmodapi.h">
      <Filter>include\freetype</Filter>
    </ClInclude>
    <ClInclude Include="include\freetype\ftmoderr.h">
      <Filter>include\freetype</Filter>
    </ClInclude>
    <ClInclude Include="include\freetype\ftotval.h">
      <Filter>include\freetype</Filter>
    </ClInclude>
    <ClInclude Include="include\freetype\ftoutln.h">
      <Filter>include\freetype</Filter>
    </ClInclude>
    <ClInclude Include="include\freetype\ftparams.h">
      <Filter>include\freetype</Filter>
    </ClInclude>
    <ClInclude Include="include\freetype\ftpfr.h">
      <Filter>include\freetype</Filter>
    </ClInclude>
    <ClInclude Include="include\freetype\ftrender.h">
      <Filter>include\freetype</Filter>
    </ClInclude>
    <ClInclude Include="include\freetype\ftsizes.h">
      <Filter>include\freetype</Filter>
    </ClInclude>
    <ClInclude Include="include\freetype\ftsnames.h">
      <Filter>include\freetype</Filter>
    </ClInclude>
    <ClInclude Include="include\freetype\ftstroke.h">
      <Filter>include\freetype</Filter>
    </ClInclude>
    <ClInclude Include="include\freetype\ftsynth.h">
      <Filter>include\freetype</Filter>
    </ClInclude>
    <ClInclude Include="include\freetype\ftsystem.h">
      <Filter>include\freetype</Filter>
    </ClInclude>
    <ClInclude Include="include\freetype\fttrigon.h">
      <Filter>include\freetype</Filter>
    </ClInclude>
    <ClInclude Include="include\freetype\fttypes.h">
      <Filter>include\freetype</Filter>
    </ClInclude>
    <ClInclude Include="include\freetype\ftwinfnt.h">
      <Filter>include\freetype</Filter>
    </ClInclude>
    <ClInclude Include="include\freetype\otsvg.h">
      <Filter>include\freetype</Filter>
    </ClInclude>
    <ClInclude Include="include\freetype\t1tables.h">
      <Filter>include\freetype</Filter>
    </ClInclude>
    <ClInclude Include="include\freetype\ttnameid.h">
      <Filter>include\freetype</Filter>
    </ClInclude>
    <ClInclude Include="include\freetype\tttables.h">
      <Filter>include\freetype</Filter>
    </ClInclude>
    <ClInclude Include="include\freetype\tttags.h">
      <Filter>include\freetype</Filter>
    </ClInclude>
    <ClInclude Include="include\ft2build.h">
      <Filter>include</Filter>
    </ClInclude>
    <ClInclude Include="include\glm\simd\common.h">
      <Filter>include\glm\simd</Filter>
    </ClInclude>
    <ClInclude Include="include\glm\simd\exponential.h">
      <Filter>include\glm\simd</Filter>
    </ClInclude>
    <ClInclude Include="include\glm\simd\geometric.h">
      <Filter>include\glm\simd</Filter>
    </ClInclude>
    <ClInclude Include="include\glm\simd\integer.h">
      <Filter>include\glm\simd</Filter>
    </ClInclude>
    <ClInclude Include="include\glm\simd\matrix.h">
      <Filter>include\glm\simd</Filter>
    </ClInclude>
    <ClInclude Include="include\glm\simd\neon.h">
      <Filter>include\glm\simd</Filter>
    </ClInclude>
    <ClInclude Include="include\glm\simd\packing.h">
      <Filter>include\glm\simd</Filter>
    </ClInclude>
    <ClInclude Include="include\glm\simd\platform.h">
      <Filter>include\glm\simd</Filter>
    </ClInclude>
    <ClInclude Include="include\glm\simd\trigonometric.h">
      <Filter>include\glm\simd</Filter>
    </ClInclude>
    <ClInclude Include="include\glm\simd\vector_relational.h">
      <Filter>include\glm\simd</Filter>
    </ClInclude>
    <ClInclude Include="include\stb\stb_image.h">
      <Filter>include\stb</Filter>
    </ClInclude>
    <ClInclude Include="include\alchemy\audioManager.h" />
  </ItemGroup>
  <ItemGroup>
    <ClCompile Include="src\Inventory.cpp">
      <Filter>src</Filter>
    </ClCompile>
    <ClCompile Include="src\InventorySlot.cpp">
      <Filter>src</Filter>
    </ClCompile>
    <ClCompile Include="src\NetworkManager.cpp">
      <Filter>src</Filter>
    </ClCompile>
    <ClCompile Include="src\Player.cpp">
      <Filter>src</Filter>
    </ClCompile>
    <ClCompile Include="src\chat.cpp">
      <Filter>src</Filter>
    </ClCompile>
    <ClCompile Include="src\fpsDisplay.cpp">
      <Filter>src</Filter>
    </ClCompile>
    <ClCompile Include="src\game.cpp">
      <Filter>src</Filter>
    </ClCompile>
    <ClCompile Include="src\global.cpp">
      <Filter>src</Filter>
    </ClCompile>
    <ClCompile Include="src\graphicsContext.cpp">
      <Filter>src</Filter>
    </ClCompile>
    <ClCompile Include="src\hotbar.cpp">
      <Filter>src</Filter>
    </ClCompile>
    <ClCompile Include="src\inputManager.cpp">
      <Filter>src</Filter>
    </ClCompile>
    <ClCompile Include="src\main.cpp">
      <Filter>src</Filter>
    </ClCompile>
    <ClCompile Include="src\mob.cpp">
      <Filter>src</Filter>
    </ClCompile>
    <ClCompile Include="src\render.cpp">
      <Filter>src</Filter>
    </ClCompile>
    <ClCompile Include="src\renderable.cpp">
      <Filter>src</Filter>
    </ClCompile>
    <ClCompile Include="src\server.cpp">
      <Filter>src</Filter>
    </ClCompile>
    <ClCompile Include="src\stb.cpp">
      <Filter>src</Filter>
    </ClCompile>
    <ClCompile Include="src\textRenderer.cpp">
      <Filter>src</Filter>
    </ClCompile>
    <ClCompile Include="src\world.cpp">
      <Filter>src</Filter>
    </ClCompile>
    <ClCompile Include="src\audioManager.cpp" />
  </ItemGroup>
</Project>